
Microsoft Visual Studio Solution File, Format Version 12.00
# Visual Studio Version 17
VisualStudioVersion = 17.4.33213.308
MinimumVisualStudioVersion = 10.0.40219.1
Project("{FAE04EC0-301F-11D3-BF4B-00C04F79EFBC}") = "Final Project", "Final Project\Final Project.csproj", "{7985E14F-3635-4229-88EE-B71423F2A1BA}"
EndProject
Global
	GlobalSection(SolutionConfigurationPlatforms) = preSolution
		Debug|Any CPU = Debug|Any CPU
		Release|Any CPU = Release|Any CPU
	EndGlobalSection
	GlobalSection(ProjectConfigurationPlatforms) = postSolution
		{7985E14F-3635-4229-88EE-B71423F2A1BA}.Debug|Any CPU.ActiveCfg = Debug|Any CPU
		{7985E14F-3635-4229-88EE-B71423F2A1BA}.Debug|Any CPU.Build.0 = Debug|Any CPU
		{7985E14F-3635-4229-88EE-B71423F2A1BA}.Release|Any CPU.ActiveCfg = Release|Any CPU
		{7985E14F-3635-4229-88EE-B71423F2A1BA}.Release|Any CPU.Build.0 = Release|Any CPU
	EndGlobalSection
	GlobalSection(SolutionProperties) = preSolution
		HideSolutionNode = FALSE
	EndGlobalSection
	GlobalSection(ExtensibilityGlobals) = postSolution
		SolutionGuid = {03A3AE4E-8B77-4037-BF19-D1EC5EF30438}
	EndGlobalSection
EndGlobal
